<?xml version="1.0" encoding="utf-8"?>
<Project ToolsVersion="4.0" xmlns="http://schemas.microsoft.com/developer/msbuild/2003">
  <ItemGroup>
    <Filter Include="ソース ファイル">
      <UniqueIdentifier>{4FC737F1-C7A5-4376-A066-2A32D752A2FF}</UniqueIdentifier>
      <Extensions>cpp;c;cc;cxx;def;odl;idl;hpj;bat;asm;asmx</Extensions>
    </Filter>
    <Filter Include="ヘッダー ファイル">
      <UniqueIdentifier>{93995380-89BD-4b04-88EB-625FBE52EBFB}</UniqueIdentifier>
      <Extensions>h;hh;hpp;hxx;hm;inl;inc;xsd</Extensions>
    </Filter>
    <Filter Include="リソース ファイル">
      <UniqueIdentifier>{67DA6AB6-F800-4c08-8B7A-83BB121AAD01}</UniqueIdentifier>
      <Extensions>rc;ico;cur;bmp;dlg;rc2;rct;bin;rgs;gif;jpg;jpeg;jpe;resx;tiff;tif;png;wav;mfcribbon-ms</Extensions>
    </Filter>
    <Filter Include="ヘッダー ファイル\stream">
      <UniqueIdentifier>{ea36b93d-c85b-4944-8983-0549cfdff84e}</UniqueIdentifier>
    </Filter>
    <Filter Include="ヘッダー ファイル\timer">
      <UniqueIdentifier>{38d3685a-1320-42eb-b5b9-66e7ab8cb658}</UniqueIdentifier>
    </Filter>
    <Filter Include="ヘッダー ファイル\system">
      <UniqueIdentifier>{b1848e4d-929b-4ead-b52a-6f6b0a6e710e}</UniqueIdentifier>
    </Filter>
    <Filter Include="ヘッダー ファイル\input">
      <UniqueIdentifier>{608cf444-342a-40f3-891b-6776f76520da}</UniqueIdentifier>
    </Filter>
    <Filter Include="ソース ファイル\common">
      <UniqueIdentifier>{3ccfe52f-f079-48c5-81d6-ce215c688e61}</UniqueIdentifier>
    </Filter>
    <Filter Include="ソース ファイル\common\stream">
      <UniqueIdentifier>{20693fce-8712-45c0-9320-e9515f551cad}</UniqueIdentifier>
    </Filter>
    <Filter Include="ソース ファイル\common\system">
      <UniqueIdentifier>{0bba7750-4ecc-4d27-8bdd-8acafcb13f07}</UniqueIdentifier>
    </Filter>
    <Filter Include="ソース ファイル\common\timer">
      <UniqueIdentifier>{001eee81-3e54-4981-b36a-6204108404e9}</UniqueIdentifier>
    </Filter>
    <Filter Include="ソース ファイル\common\input">
      <UniqueIdentifier>{ae88c937-7001-438d-8a76-3c827e767e9c}</UniqueIdentifier>
    </Filter>
    <Filter Include="ソース ファイル\compat&amp;porting">
      <UniqueIdentifier>{fe1f176d-8732-43b8-89b5-57248ebaa406}</UniqueIdentifier>
    </Filter>
    <Filter Include="ソース ファイル\compat&amp;porting\input">
      <UniqueIdentifier>{5895df99-ef72-4db5-8a0e-9433ea627db2}</UniqueIdentifier>
    </Filter>
    <Filter Include="ソース ファイル\compat&amp;porting\stream">
      <UniqueIdentifier>{2f94f556-a981-47ec-987b-ec2cc4a61a9c}</UniqueIdentifier>
    </Filter>
    <Filter Include="ソース ファイル\compat&amp;porting\timer">
      <UniqueIdentifier>{551d8cf1-9b01-453e-bf03-e868f0141568}</UniqueIdentifier>
    </Filter>
    <Filter Include="ソース ファイル\compat&amp;porting\system">
      <UniqueIdentifier>{8c871951-d23e-4fe7-9292-a384337d4b64}</UniqueIdentifier>
    </Filter>
    <Filter Include="ヘッダー ファイル\type">
      <UniqueIdentifier>{6260c2cf-22ab-4635-9c7b-8b3d9461a7ba}</UniqueIdentifier>
    </Filter>
    <Filter Include="ヘッダー ファイル\graphic">
      <UniqueIdentifier>{3b711cd6-f722-4abb-9695-126e68a51d9b}</UniqueIdentifier>
    </Filter>
    <Filter Include="ソース ファイル\common\graphic">
      <UniqueIdentifier>{c19ed7ba-2c57-4d38-970a-71495ff7dac8}</UniqueIdentifier>
    </Filter>
    <Filter Include="ソース ファイル\compat&amp;porting\graphic">
      <UniqueIdentifier>{a961bd8e-8460-40c5-93e0-214f67bff893}</UniqueIdentifier>
    </Filter>
  </ItemGroup>
  <ItemGroup>
    <Text Include="ReadMe.txt" />
  </ItemGroup>
  <ItemGroup>
    <ClInclude Include="include\Equisetum2.h">
      <Filter>ヘッダー ファイル</Filter>
    </ClInclude>
    <ClInclude Include="include\timer\TickCounter.h">
      <Filter>ヘッダー ファイル\timer</Filter>
    </ClInclude>
    <ClInclude Include="include\timer\ITimer.h">
      <Filter>ヘッダー ファイル\timer</Filter>
    </ClInclude>
    <ClInclude Include="include\timer\FpsPaceMaker.h">
      <Filter>ヘッダー ファイル\timer</Filter>
    </ClInclude>
    <ClInclude Include="include\timer\FpsCounter.h">
      <Filter>ヘッダー ファイル\timer</Filter>
    </ClInclude>
    <ClInclude Include="include\stream\IStream.h">
      <Filter>ヘッダー ファイル\stream</Filter>
    </ClInclude>
    <ClInclude Include="include\stream\FileStream.h">
      <Filter>ヘッダー ファイル\stream</Filter>
    </ClInclude>
    <ClInclude Include="include\system\System.h">
      <Filter>ヘッダー ファイル\system</Filter>
    </ClInclude>
    <ClInclude Include="include\system\Logger.h">
      <Filter>ヘッダー ファイル\system</Filter>
    </ClInclude>
    <ClInclude Include="src\porting\SDL\system\SDLEvent.h">
      <Filter>ソース ファイル\common\system</Filter>
    </ClInclude>
    <ClInclude Include="include\input\KeyCode.h">
      <Filter>ヘッダー ファイル\input</Filter>
    </ClInclude>
    <ClInclude Include="include\input\IKeyState.h">
      <Filter>ヘッダー ファイル\input</Filter>
    </ClInclude>
    <ClInclude Include="include\input\Key.h">
      <Filter>ヘッダー ファイル\input</Filter>
    </ClInclude>
    <ClInclude Include="include\input\Joystick.h">
      <Filter>ヘッダー ファイル\input</Filter>
    </ClInclude>
    <ClInclude Include="include\timer\SystemTimer.h">
      <Filter>ヘッダー ファイル\timer</Filter>
    </ClInclude>
    <ClInclude Include="src\porting\SDL\stream\SDLBinderRWops.h">
      <Filter>ソース ファイル\compat&amp;porting\stream</Filter>
    </ClInclude>
    <ClInclude Include="src\common\system\Singleton.h">
      <Filter>ソース ファイル\common\system</Filter>
    </ClInclude>
    <ClInclude Include="src\compat\timer\SystemTimerCompat.h">
      <Filter>ソース ファイル\compat&amp;porting\timer</Filter>
    </ClInclude>
    <ClInclude Include="src\compat\input\KeyboardCompat.h">
      <Filter>ソース ファイル\compat&amp;porting\input</Filter>
    </ClInclude>
    <ClInclude Include="src\compat\input\JoystickCompat.h">
      <Filter>ソース ファイル\compat&amp;porting\input</Filter>
    </ClInclude>
    <ClInclude Include="src\compat\system\LoggerCompat.h">
      <Filter>ソース ファイル\compat&amp;porting\system</Filter>
    </ClInclude>
    <ClInclude Include="include\input\Mouse.h">
      <Filter>ヘッダー ファイル\input</Filter>
    </ClInclude>
    <ClInclude Include="src\compat\input\MouseCompat.h">
      <Filter>ソース ファイル\compat&amp;porting\input</Filter>
    </ClInclude>
    <ClInclude Include="src\compat\input\TouchCompat.h">
      <Filter>ソース ファイル\compat&amp;porting\input</Filter>
    </ClInclude>
    <ClInclude Include="include\input\Touch.h">
      <Filter>ヘッダー ファイル\input</Filter>
    </ClInclude>
    <ClInclude Include="include\type\Point.h">
      <Filter>ヘッダー ファイル\type</Filter>
    </ClInclude>
    <ClInclude Include="include\graphic\Window.h">
      <Filter>ヘッダー ファイル\graphic</Filter>
    </ClInclude>
    <ClInclude Include="src\compat\graphic\WindowCompat.h">
      <Filter>ソース ファイル\compat&amp;porting\graphic</Filter>
    </ClInclude>
    <ClInclude Include="include\type\Optional.h">
      <Filter>ヘッダー ファイル\type</Filter>
    </ClInclude>
  </ItemGroup>
  <ItemGroup>
    <ClCompile Include="src\porting\SDL\system\System.cpp">
      <Filter>ソース ファイル\common\system</Filter>
    </ClCompile>
    <ClCompile Include="src\porting\SDL\system\Logger.cpp">
      <Filter>ソース ファイル\common\system</Filter>
    </ClCompile>
    <ClCompile Include="src\common\timer\TickCounter.cpp">
      <Filter>ソース ファイル\common\timer</Filter>
    </ClCompile>
    <ClCompile Include="src\common\timer\FpsCounter.cpp">
      <Filter>ソース ファイル\common\timer</Filter>
    </ClCompile>
    <ClCompile Include="src\common\timer\FpsPaceMaker.cpp">
      <Filter>ソース ファイル\common\timer</Filter>
    </ClCompile>
    <ClCompile Include="src\common\timer\SystemTimer.cpp">
      <Filter>ソース ファイル\common\timer</Filter>
    </ClCompile>
    <ClCompile Include="src\common\system\Singleton.cpp">
      <Filter>ソース ファイル\common\system</Filter>
    </ClCompile>
    <ClCompile Include="src\common\input\Joystick.cpp">
      <Filter>ソース ファイル\common\input</Filter>
    </ClCompile>
    <ClCompile Include="src\common\input\Key.cpp">
      <Filter>ソース ファイル\common\input</Filter>
    </ClCompile>
    <ClCompile Include="src\compat\timer\SystemTimerCompat.cpp">
      <Filter>ソース ファイル\compat&amp;porting\timer</Filter>
    </ClCompile>
    <ClCompile Include="src\compat\input\JoystickCompat.cpp">
      <Filter>ソース ファイル\compat&amp;porting\input</Filter>
    </ClCompile>
    <ClCompile Include="src\compat\input\KeyboardCompat.cpp">
      <Filter>ソース ファイル\compat&amp;porting\input</Filter>
    </ClCompile>
    <ClCompile Include="src\porting\SDL\stream\FileStream.cpp">
      <Filter>ソース ファイル\compat&amp;porting\stream</Filter>
    </ClCompile>
    <ClCompile Include="src\compat\system\LoggerCompat.cpp">
      <Filter>ソース ファイル\compat&amp;porting\system</Filter>
    </ClCompile>
    <ClCompile Include="src\common\input\Mouse.cpp">
      <Filter>ソース ファイル\common\input</Filter>
    </ClCompile>
    <ClCompile Include="src\compat\input\MouseCompat.cpp">
      <Filter>ソース ファイル\compat&amp;porting\input</Filter>
    </ClCompile>
    <ClCompile Include="src\compat\input\TouchCompat.cpp">
      <Filter>ソース ファイル\compat&amp;porting\input</Filter>
    </ClCompile>
    <ClCompile Include="src\common\input\Touch.cpp">
      <Filter>ソース ファイル\common\input</Filter>
    </ClCompile>
    <ClCompile Include="src\common\graphic\Window.cpp">
      <Filter>ソース ファイル\common\graphic</Filter>
    </ClCompile>
    <ClCompile Include="src\compat\graphic\WindowCompat.cpp">
      <Filter>ソース ファイル\compat&amp;porting\graphic</Filter>
    </ClCompile>
  </ItemGroup>
  <ItemGroup>
    <None Include="src\porting\SDL\input\JoystickCompatImpl.inl">
      <Filter>ソース ファイル\compat&amp;porting\input</Filter>
    </None>
    <None Include="src\porting\SDL\timer\SystemTimerCompatImpl.inl">
      <Filter>ソース ファイル\compat&amp;porting\timer</Filter>
    </None>
    <None Include="src\porting\SDL\input\KeyboardCompatImpl.inl">
      <Filter>ソース ファイル\compat&amp;porting\input</Filter>
    </None>
    <None Include="src\compat\system\LoggerCompat.inl">
      <Filter>ソース ファイル\compat&amp;porting\system</Filter>
    </None>
    <None Include="src\porting\SDL\input\MouseCompatImpl.inl">
      <Filter>ソース ファイル\compat&amp;porting\input</Filter>
    </None>
    <None Include="src\porting\SDL\input\TouchCompatImpl.inl">
      <Filter>ソース ファイル\compat&amp;porting\input</Filter>
    </None>
    <None Include="src\porting\SDL\graphic\WindowCompatImpl.inl">
      <Filter>ソース ファイル\compat&amp;porting\graphic</Filter>
    </None>
  </ItemGroup>
</Project>