
Microsoft Visual Studio Solution File, Format Version 12.00
# Visual Studio 14
VisualStudioVersion = 14.0.25420.1
MinimumVisualStudioVersion = 10.0.40219.1
Project("{8BC9CEB8-8B4A-11D0-8D11-00A0C91BC942}") = "libEquisetum2", "libEquisetum2.vcxproj", "{641DEE76-B658-4449-A6A2-A17BDFBB0F8E}"
EndProject
Project("{8BC9CEB8-8B4A-11D0-8D11-00A0C91BC942}") = "unittest", "..\..\unittest\project\VisualC\unittest.vcxproj", "{1CB46D6D-7249-4677-A194-EBCEAD7D01B4}"
	ProjectSection(ProjectDependencies) = postProject
		{6D3E9D73-07FA-4DDD-9656-3D5F0EC276B9} = {6D3E9D73-07FA-4DDD-9656-3D5F0EC276B9}
		{641DEE76-B658-4449-A6A2-A17BDFBB0F8E} = {641DEE76-B658-4449-A6A2-A17BDFBB0F8E}
	EndProjectSection
EndProject
Project("{8BC9CEB8-8B4A-11D0-8D11-00A0C91BC942}") = "libEquisetum2s", "libEquisetum2s.vcxproj", "{6D3E9D73-07FA-4DDD-9656-3D5F0EC276B9}"
	ProjectSection(ProjectDependencies) = postProject
		{641DEE76-B658-4449-A6A2-A17BDFBB0F8E} = {641DEE76-B658-4449-A6A2-A17BDFBB0F8E}
	EndProjectSection
EndProject
Project("{8BC9CEB8-8B4A-11D0-8D11-00A0C91BC942}") = "unittests", "..\..\unittest\project\VisualC\unittests.vcxproj", "{E826572C-891A-40B4-8CB4-83029C11787D}"
	ProjectSection(ProjectDependencies) = postProject
		{1CB46D6D-7249-4677-A194-EBCEAD7D01B4} = {1CB46D6D-7249-4677-A194-EBCEAD7D01B4}
		{6D3E9D73-07FA-4DDD-9656-3D5F0EC276B9} = {6D3E9D73-07FA-4DDD-9656-3D5F0EC276B9}
		{641DEE76-B658-4449-A6A2-A17BDFBB0F8E} = {641DEE76-B658-4449-A6A2-A17BDFBB0F8E}
	EndProjectSection
EndProject
Project("{8BC9CEB8-8B4A-11D0-8D11-00A0C91BC942}") = "gameSystem", "..\..\gameSystem\project\VisualC\gameSystem.vcxproj", "{D118A2E3-6C1A-479B-A6CC-76806DDC4C7E}"
	ProjectSection(ProjectDependencies) = postProject
		{641DEE76-B658-4449-A6A2-A17BDFBB0F8E} = {641DEE76-B658-4449-A6A2-A17BDFBB0F8E}
	EndProjectSection
EndProject
Project("{8BC9CEB8-8B4A-11D0-8D11-00A0C91BC942}") = "eqtools", "..\..\eqtools\project\VisualC\eqtools.vcxproj", "{F7E37DF3-440E-45A2-993E-84585D05C012}"
	ProjectSection(ProjectDependencies) = postProject
		{6D3E9D73-07FA-4DDD-9656-3D5F0EC276B9} = {6D3E9D73-07FA-4DDD-9656-3D5F0EC276B9}
	EndProjectSection
EndProject
Global
	GlobalSection(SolutionConfigurationPlatforms) = preSolution
		Debug|Win32 = Debug|Win32
		Debug|x64 = Debug|x64
		Release|Win32 = Release|Win32
		Release|x64 = Release|x64
	EndGlobalSection
	GlobalSection(ProjectConfigurationPlatforms) = postSolution
		{641DEE76-B658-4449-A6A2-A17BDFBB0F8E}.Debug|Win32.ActiveCfg = Debug|Win32
		{641DEE76-B658-4449-A6A2-A17BDFBB0F8E}.Debug|Win32.Build.0 = Debug|Win32
		{641DEE76-B658-4449-A6A2-A17BDFBB0F8E}.Debug|x64.ActiveCfg = Debug|Win32
		{641DEE76-B658-4449-A6A2-A17BDFBB0F8E}.Release|Win32.ActiveCfg = Release|Win32
		{641DEE76-B658-4449-A6A2-A17BDFBB0F8E}.Release|Win32.Build.0 = Release|Win32
		{641DEE76-B658-4449-A6A2-A17BDFBB0F8E}.Release|x64.ActiveCfg = Release|Win32
		{1CB46D6D-7249-4677-A194-EBCEAD7D01B4}.Debug|Win32.ActiveCfg = Debug|Win32
		{1CB46D6D-7249-4677-A194-EBCEAD7D01B4}.Debug|Win32.Build.0 = Debug|Win32
		{1CB46D6D-7249-4677-A194-EBCEAD7D01B4}.Debug|x64.ActiveCfg = Debug|x64
		{1CB46D6D-7249-4677-A194-EBCEAD7D01B4}.Debug|x64.Build.0 = Debug|x64
		{1CB46D6D-7249-4677-A194-EBCEAD7D01B4}.Release|Win32.ActiveCfg = Release|Win32
		{1CB46D6D-7249-4677-A194-EBCEAD7D01B4}.Release|Win32.Build.0 = Release|Win32
		{1CB46D6D-7249-4677-A194-EBCEAD7D01B4}.Release|x64.ActiveCfg = Release|x64
		{1CB46D6D-7249-4677-A194-EBCEAD7D01B4}.Release|x64.Build.0 = Release|x64
		{6D3E9D73-07FA-4DDD-9656-3D5F0EC276B9}.Debug|Win32.ActiveCfg = Debug|Win32
		{6D3E9D73-07FA-4DDD-9656-3D5F0EC276B9}.Debug|Win32.Build.0 = Debug|Win32
		{6D3E9D73-07FA-4DDD-9656-3D5F0EC276B9}.Debug|x64.ActiveCfg = Debug|x64
		{6D3E9D73-07FA-4DDD-9656-3D5F0EC276B9}.Debug|x64.Build.0 = Debug|x64
		{6D3E9D73-07FA-4DDD-9656-3D5F0EC276B9}.Release|Win32.ActiveCfg = Release|Win32
		{6D3E9D73-07FA-4DDD-9656-3D5F0EC276B9}.Release|Win32.Build.0 = Release|Win32
		{6D3E9D73-07FA-4DDD-9656-3D5F0EC276B9}.Release|x64.ActiveCfg = Release|x64
		{6D3E9D73-07FA-4DDD-9656-3D5F0EC276B9}.Release|x64.Build.0 = Release|x64
		{E826572C-891A-40B4-8CB4-83029C11787D}.Debug|Win32.ActiveCfg = Debug|Win32
		{E826572C-891A-40B4-8CB4-83029C11787D}.Debug|Win32.Build.0 = Debug|Win32
		{E826572C-891A-40B4-8CB4-83029C11787D}.Debug|x64.ActiveCfg = Debug|x64
		{E826572C-891A-40B4-8CB4-83029C11787D}.Debug|x64.Build.0 = Debug|x64
		{E826572C-891A-40B4-8CB4-83029C11787D}.Release|Win32.ActiveCfg = Release|Win32
		{E826572C-891A-40B4-8CB4-83029C11787D}.Release|Win32.Build.0 = Release|Win32
		{E826572C-891A-40B4-8CB4-83029C11787D}.Release|x64.ActiveCfg = Release|x64
		{E826572C-891A-40B4-8CB4-83029C11787D}.Release|x64.Build.0 = Release|x64
		{D118A2E3-6C1A-479B-A6CC-76806DDC4C7E}.Debug|Win32.ActiveCfg = Debug|Win32
		{D118A2E3-6C1A-479B-A6CC-76806DDC4C7E}.Debug|Win32.Build.0 = Debug|Win32
		{D118A2E3-6C1A-479B-A6CC-76806DDC4C7E}.Debug|x64.ActiveCfg = Debug|x64
		{D118A2E3-6C1A-479B-A6CC-76806DDC4C7E}.Debug|x64.Build.0 = Debug|x64
		{D118A2E3-6C1A-479B-A6CC-76806DDC4C7E}.Release|Win32.ActiveCfg = Release|Win32
		{D118A2E3-6C1A-479B-A6CC-76806DDC4C7E}.Release|Win32.Build.0 = Release|Win32
		{D118A2E3-6C1A-479B-A6CC-76806DDC4C7E}.Release|x64.ActiveCfg = Release|x64
		{D118A2E3-6C1A-479B-A6CC-76806DDC4C7E}.Release|x64.Build.0 = Release|x64
		{F7E37DF3-440E-45A2-993E-84585D05C012}.Debug|Win32.ActiveCfg = Debug|Win32
		{F7E37DF3-440E-45A2-993E-84585D05C012}.Debug|Win32.Build.0 = Debug|Win32
		{F7E37DF3-440E-45A2-993E-84585D05C012}.Debug|x64.ActiveCfg = Debug|x64
		{F7E37DF3-440E-45A2-993E-84585D05C012}.Debug|x64.Build.0 = Debug|x64
		{F7E37DF3-440E-45A2-993E-84585D05C012}.Release|Win32.ActiveCfg = Release|Win32
		{F7E37DF3-440E-45A2-993E-84585D05C012}.Release|Win32.Build.0 = Release|Win32
		{F7E37DF3-440E-45A2-993E-84585D05C012}.Release|x64.ActiveCfg = Release|x64
		{F7E37DF3-440E-45A2-993E-84585D05C012}.Release|x64.Build.0 = Release|x64
	EndGlobalSection
	GlobalSection(SolutionProperties) = preSolution
		HideSolutionNode = FALSE
	EndGlobalSection
EndGlobal
